// !$*UTF8*$!
{
	archiveVersion = 1;
	classes = {
	};
	objectVersion = 56;
	objects = {

/* Begin PBXBuildFile section */
		4A37402429FBB51C00073494 /* IntroPageAnnaApp.swift in Sources */ = {isa = PBXBuildFile; fileRef = 4A37402329FBB51C00073494 /* IntroPageAnnaApp.swift */; };
		4A37402629FBB51C00073494 /* ContentView.swift in Sources */ = {isa = PBXBuildFile; fileRef = 4A37402529FBB51C00073494 /* ContentView.swift */; };
		4A37402829FBB51E00073494 /* Assets.xcassets in Resources */ = {isa = PBXBuildFile; fileRef = 4A37402729FBB51E00073494 /* Assets.xcassets */; };
		4A37402B29FBB51E00073494 /* Preview Assets.xcassets in Resources */ = {isa = PBXBuildFile; fileRef = 4A37402A29FBB51E00073494 /* Preview Assets.xcassets */; };
		4A37404E29FBBC2500073494 /* Data.swift in Sources */ = {isa = PBXBuildFile; fileRef = 4A37404D29FBBC2500073494 /* Data.swift */; };
		4AD7031729FFA4D800508914 /* DatePickerTextField.swift in Sources */ = {isa = PBXBuildFile; fileRef = 4AD7031629FFA4D800508914 /* DatePickerTextField.swift */; };
		4AD7031929FFABB700508914 /* DatePickerView.swift in Sources */ = {isa = PBXBuildFile; fileRef = 4AD7031829FFABB700508914 /* DatePickerView.swift */; };
		4AD7031B2A002AB500508914 /* NickNameView.swift in Sources */ = {isa = PBXBuildFile; fileRef = 4AD7031A2A002AB500508914 /* NickNameView.swift */; };
		4AD7031D2A00F04E00508914 /* PageModel.swift in Sources */ = {isa = PBXBuildFile; fileRef = 4AD7031C2A00F04E00508914 /* PageModel.swift */; };
/* End PBXBuildFile section */

/* Begin PBXContainerItemProxy section */
		4A37403129FBB51E00073494 /* PBXContainerItemProxy */ = {
			isa = PBXContainerItemProxy;
			containerPortal = 4A37401829FBB51C00073494 /* Project object */;
			proxyType = 1;
			remoteGlobalIDString = 4A37401F29FBB51C00073494;
			remoteInfo = IntroPageAnna;
		};
		4A37403B29FBB51E00073494 /* PBXContainerItemProxy */ = {
			isa = PBXContainerItemProxy;
			containerPortal = 4A37401829FBB51C00073494 /* Project object */;
			proxyType = 1;
			remoteGlobalIDString = 4A37401F29FBB51C00073494;
			remoteInfo = IntroPageAnna;
		};
/* End PBXContainerItemProxy section */

/* Begin PBXFileReference section */
		4A37402029FBB51C00073494 /* IntroPageAnna.app */ = {isa = PBXFileReference; explicitFileType = wrapper.application; includeInIndex = 0; path = IntroPageAnna.app; sourceTree = BUILT_PRODUCTS_DIR; };
		4A37402329FBB51C00073494 /* IntroPageAnnaApp.swift */ = {isa = PBXFileReference; lastKnownFileType = sourcecode.swift; path = IntroPageAnnaApp.swift; sourceTree = "<group>"; };
		4A37402529FBB51C00073494 /* ContentView.swift */ = {isa = PBXFileReference; lastKnownFileType = sourcecode.swift; path = ContentView.swift; sourceTree = "<group>"; };
		4A37402729FBB51E00073494 /* Assets.xcassets */ = {isa = PBXFileReference; lastKnownFileType = folder.assetcatalog; path = Assets.xcassets; sourceTree = "<group>"; };
		4A37402A29FBB51E00073494 /* Preview Assets.xcassets */ = {isa = PBXFileReference; lastKnownFileType = folder.assetcatalog; path = "Preview Assets.xcassets"; sourceTree = "<group>"; };
		4A37403029FBB51E00073494 /* IntroPageAnnaTests.xctest */ = {isa = PBXFileReference; explicitFileType = wrapper.cfbundle; includeInIndex = 0; path = IntroPageAnnaTests.xctest; sourceTree = BUILT_PRODUCTS_DIR; };
		4A37403A29FBB51E00073494 /* IntroPageAnnaUITests.xctest */ = {isa = PBXFileReference; explicitFileType = wrapper.cfbundle; includeInIndex = 0; path = IntroPageAnnaUITests.xctest; sourceTree = BUILT_PRODUCTS_DIR; };
		4A37404D29FBBC2500073494 /* Data.swift */ = {isa = PBXFileReference; lastKnownFileType = sourcecode.swift; path = Data.swift; sourceTree = "<group>"; };
		4AD7031629FFA4D800508914 /* DatePickerTextField.swift */ = {isa = PBXFileReference; lastKnownFileType = sourcecode.swift; path = DatePickerTextField.swift; sourceTree = "<group>"; };
		4AD7031829FFABB700508914 /* DatePickerView.swift */ = {isa = PBXFileReference; lastKnownFileType = sourcecode.swift; path = DatePickerView.swift; sourceTree = "<group>"; };
		4AD7031A2A002AB500508914 /* NickNameView.swift */ = {isa = PBXFileReference; lastKnownFileType = sourcecode.swift; path = NickNameView.swift; sourceTree = "<group>"; };
		4AD7031C2A00F04E00508914 /* PageModel.swift */ = {isa = PBXFileReference; lastKnownFileType = sourcecode.swift; path = PageModel.swift; sourceTree = "<group>"; };
/* End PBXFileReference section */

/* Begin PBXFrameworksBuildPhase section */
		4A37401D29FBB51C00073494 /* Frameworks */ = {
			isa = PBXFrameworksBuildPhase;
			buildActionMask = 2147483647;
			files = (
			);
			runOnlyForDeploymentPostprocessing = 0;
		};
		4A37402D29FBB51E00073494 /* Frameworks */ = {
			isa = PBXFrameworksBuildPhase;
			buildActionMask = 2147483647;
			files = (
			);
			runOnlyForDeploymentPostprocessing = 0;
		};
		4A37403729FBB51E00073494 /* Frameworks */ = {
			isa = PBXFrameworksBuildPhase;
			buildActionMask = 2147483647;
			files = (
			);
			runOnlyForDeploymentPostprocessing = 0;
		};
/* End PBXFrameworksBuildPhase section */

/* Begin PBXGroup section */
		4A37401729FBB51C00073494 = {
			isa = PBXGroup;
			children = (
				4A37402229FBB51C00073494 /* IntroPageAnna */,
				4A37402129FBB51C00073494 /* Products */,
			);
			sourceTree = "<group>";
		};
		4A37402129FBB51C00073494 /* Products */ = {
			isa = PBXGroup;
			children = (
				4A37402029FBB51C00073494 /* IntroPageAnna.app */,
				4A37403029FBB51E00073494 /* IntroPageAnnaTests.xctest */,
				4A37403A29FBB51E00073494 /* IntroPageAnnaUITests.xctest */,
			);
			name = Products;
			sourceTree = "<group>";
		};
		4A37402229FBB51C00073494 /* IntroPageAnna */ = {
			isa = PBXGroup;
			children = (
				4A37402329FBB51C00073494 /* IntroPageAnnaApp.swift */,
				4A37402529FBB51C00073494 /* ContentView.swift */,
				4AD7031C2A00F04E00508914 /* PageModel.swift */,
				4AD7031A2A002AB500508914 /* NickNameView.swift */,
				4AD7031829FFABB700508914 /* DatePickerView.swift */,
				4AD7031629FFA4D800508914 /* DatePickerTextField.swift */,
				4A37404D29FBBC2500073494 /* Data.swift */,
				4A37402729FBB51E00073494 /* Assets.xcassets */,
				4A37402929FBB51E00073494 /* Preview Content */,
			);
			path = IntroPageAnna;
			sourceTree = "<group>";
		};
		4A37402929FBB51E00073494 /* Preview Content */ = {
			isa = PBXGroup;
			children = (
				4A37402A29FBB51E00073494 /* Preview Assets.xcassets */,
			);
			path = "Preview Content";
			sourceTree = "<group>";
		};
/* End PBXGroup section */

/* Begin PBXNativeTarget section */
		4A37401F29FBB51C00073494 /* IntroPageAnna */ = {
			isa = PBXNativeTarget;
			buildConfigurationList = 4A37404429FBB51E00073494 /* Build configuration list for PBXNativeTarget "IntroPageAnna" */;
			buildPhases = (
				4A37401C29FBB51C00073494 /* Sources */,
				4A37401D29FBB51C00073494 /* Frameworks */,
				4A37401E29FBB51C00073494 /* Resources */,
			);
			buildRules = (
			);
			dependencies = (
			);
			name = IntroPageAnna;
			productName = IntroPageAnna;
			productReference = 4A37402029FBB51C00073494 /* IntroPageAnna.app */;
			productType = "com.apple.product-type.application";
		};
		4A37402F29FBB51E00073494 /* IntroPageAnnaTests */ = {
			isa = PBXNativeTarget;
			buildConfigurationList = 4A37404729FBB51E00073494 /* Build configuration list for PBXNativeTarget "IntroPageAnnaTests" */;
			buildPhases = (
				4A37402C29FBB51E00073494 /* Sources */,
				4A37402D29FBB51E00073494 /* Frameworks */,
				4A37402E29FBB51E00073494 /* Resources */,
			);
			buildRules = (
			);
			dependencies = (
				4A37403229FBB51E00073494 /* PBXTargetDependency */,
			);
			name = IntroPageAnnaTests;
			productName = IntroPageAnnaTests;
			productReference = 4A37403029FBB51E00073494 /* IntroPageAnnaTests.xctest */;
			productType = "com.apple.product-type.bundle.unit-test";
		};
		4A37403929FBB51E00073494 /* IntroPageAnnaUITests */ = {
			isa = PBXNativeTarget;
			buildConfigurationList = 4A37404A29FBB51E00073494 /* Build configuration list for PBXNativeTarget "IntroPageAnnaUITests" */;
			buildPhases = (
				4A37403629FBB51E00073494 /* Sources */,
				4A37403729FBB51E00073494 /* Frameworks */,
				4A37403829FBB51E00073494 /* Resources */,
			);
			buildRules = (
			);
			dependencies = (
				4A37403C29FBB51E00073494 /* PBXTargetDependency */,
			);
			name = IntroPageAnnaUITests;
			productName = IntroPageAnnaUITests;
			productReference = 4A37403A29FBB51E00073494 /* IntroPageAnnaUITests.xctest */;
			productType = "com.apple.product-type.bundle.ui-testing";
		};
/* End PBXNativeTarget section */

/* Begin PBXProject section */
		4A37401829FBB51C00073494 /* Project object */ = {
			isa = PBXProject;
			attributes = {
				BuildIndependentTargetsInParallel = 1;
				LastSwiftUpdateCheck = 1430;
				LastUpgradeCheck = 1430;
				TargetAttributes = {
					4A37401F29FBB51C00073494 = {
						CreatedOnToolsVersion = 14.3;
					};
					4A37402F29FBB51E00073494 = {
						CreatedOnToolsVersion = 14.3;
						TestTargetID = 4A37401F29FBB51C00073494;
					};
					4A37403929FBB51E00073494 = {
						CreatedOnToolsVersion = 14.3;
						TestTargetID = 4A37401F29FBB51C00073494;
					};
				};
			};
			buildConfigurationList = 4A37401B29FBB51C00073494 /* Build configuration list for PBXProject "IntroPageAnna" */;
			compatibilityVersion = "Xcode 14.0";
			developmentRegion = en;
			hasScannedForEncodings = 0;
			knownRegions = (
				en,
				Base,
			);
			mainGroup = 4A37401729FBB51C00073494;
			productRefGroup = 4A37402129FBB51C00073494 /* Products */;
			projectDirPath = "";
			projectRoot = "";
			targets = (
				4A37401F29FBB51C00073494 /* IntroPageAnna */,
				4A37402F29FBB51E00073494 /* IntroPageAnnaTests */,
				4A37403929FBB51E00073494 /* IntroPageAnnaUITests */,
			);
		};
/* End PBXProject section */

/* Begin PBXResourcesBuildPhase section */
		4A37401E29FBB51C00073494 /* Resources */ = {
			isa = PBXResourcesBuildPhase;
			buildActionMask = 2147483647;
			files = (
				4A37402B29FBB51E00073494 /* Preview Assets.xcassets in Resources */,
				4A37402829FBB51E00073494 /* Assets.xcassets in Resources */,
			);
			runOnlyForDeploymentPostprocessing = 0;
		};
		4A37402E29FBB51E00073494 /* Resources */ = {
			isa = PBXResourcesBuildPhase;
			buildActionMask = 2147483647;
			files = (
			);
			runOnlyForDeploymentPostprocessing = 0;
		};
		4A37403829FBB51E00073494 /* Resources */ = {
			isa = PBXResourcesBuildPhase;
			buildActionMask = 2147483647;
			files = (
			);
			runOnlyForDeploymentPostprocessing = 0;
		};
/* End PBXResourcesBuildPhase section */

/* Begin PBXSourcesBuildPhase section */
		4A37401C29FBB51C00073494 /* Sources */ = {
			isa = PBXSourcesBuildPhase;
			buildActionMask = 2147483647;
			files = (
				4AD7031B2A002AB500508914 /* NickNameView.swift in Sources */,
				4AD7031D2A00F04E00508914 /* PageModel.swift in Sources */,
				4A37402629FBB51C00073494 /* ContentView.swift in Sources */,
				4AD7031929FFABB700508914 /* DatePickerView.swift in Sources */,
				4AD7031729FFA4D800508914 /* DatePickerTextField.swift in Sources */,
				4A37404E29FBBC2500073494 /* Data.swift in Sources */,
				4A37402429FBB51C00073494 /* IntroPageAnnaApp.swift in Sources */,
			);
			runOnlyForDeploymentPostprocessing = 0;
		};
		4A37402C29FBB51E00073494 /* Sources */ = {
			isa = PBXSourcesBuildPhase;
			buildActionMask = 2147483647;
			files = (
			);
			runOnlyForDeploymentPostprocessing = 0;
		};
		4A37403629FBB51E00073494 /* Sources */ = {
			isa = PBXSourcesBuildPhase;
			buildActionMask = 2147483647;
			files = (
			);
			runOnlyForDeploymentPostprocessing = 0;
		};
/* End PBXSourcesBuildPhase section */

/* Begin PBXTargetDependency section */
		4A37403229FBB51E00073494 /* PBXTargetDependency */ = {
			isa = PBXTargetDependency;
			target = 4A37401F29FBB51C00073494 /* IntroPageAnna */;
			targetProxy = 4A37403129FBB51E00073494 /* PBXContainerItemProxy */;
		};
		4A37403C29FBB51E00073494 /* PBXTargetDependency */ = {
			isa = PBXTargetDependency;
			target = 4A37401F29FBB51C00073494 /* IntroPageAnna */;
			targetProxy = 4A37403B29FBB51E00073494 /* PBXContainerItemProxy */;
		};
/* End PBXTargetDependency section */

/* Begin XCBuildConfiguration section */
		4A37404229FBB51E00073494 /* Debug */ = {
			isa = XCBuildConfiguration;
			buildSettings = {
				ALWAYS_SEARCH_USER_PATHS = NO;
				CLANG_ANALYZER_NONNULL = YES;
				CLANG_ANALYZER_NUMBER_OBJECT_CONVERSION = YES_AGGRESSIVE;
				CLANG_CXX_LANGUAGE_STANDARD = "gnu++20";
				CLANG_ENABLE_MODULES = YES;
				CLANG_ENABLE_OBJC_ARC = YES;
				CLANG_ENABLE_OBJC_WEAK = YES;
				CLANG_WARN_BLOCK_CAPTURE_AUTORELEASING = YES;
				CLANG_WARN_BOOL_CONVERSION = YES;
				CLANG_WARN_COMMA = YES;
				CLANG_WARN_CONSTANT_CONVERSION = YES;
				CLANG_WARN_DEPRECATED_OBJC_IMPLEMENTATIONS = YES;
				CLANG_WARN_DIRECT_OBJC_ISA_USAGE = YES_ERROR;
				CLANG_WARN_DOCUMENTATION_COMMENTS = YES;
				CLANG_WARN_EMPTY_BODY = YES;
				CLANG_WARN_ENUM_CONVERSION = YES;
				CLANG_WARN_INFINITE_RECURSION = YES;
				CLANG_WARN_INT_CONVERSION = YES;
				CLANG_WARN_NON_LITERAL_NULL_CONVERSION = YES;
				CLANG_WARN_OBJC_IMPLICIT_RETAIN_SELF = YES;
				CLANG_WARN_OBJC_LITERAL_CONVERSION = YES;
				CLANG_WARN_OBJC_ROOT_CLASS = YES_ERROR;
				CLANG_WARN_QUOTED_INCLUDE_IN_FRAMEWORK_HEADER = YES;
				CLANG_WARN_RANGE_LOOP_ANALYSIS = YES;
				CLANG_WARN_STRICT_PROTOTYPES = YES;
				CLANG_WARN_SUSPICIOUS_MOVE = YES;
				CLANG_WARN_UNGUARDED_AVAILABILITY = YES_AGGRESSIVE;
				CLANG_WARN_UNREACHABLE_CODE = YES;
				CLANG_WARN__DUPLICATE_METHOD_MATCH = YES;
				COPY_PHASE_STRIP = NO;
				DEBUG_INFORMATION_FORMAT = dwarf;
				ENABLE_STRICT_OBJC_MSGSEND = YES;
				ENABLE_TESTABILITY = YES;
				GCC_C_LANGUAGE_STANDARD = gnu11;
				GCC_DYNAMIC_NO_PIC = NO;
				GCC_NO_COMMON_BLOCKS = YES;
				GCC_OPTIMIZATION_LEVEL = 0;
				GCC_PREPROCESSOR_DEFINITIONS = (
					"DEBUG=1",
					"$(inherited)",
				);
				GCC_WARN_64_TO_32_BIT_CONVERSION = YES;
				GCC_WARN_ABOUT_RETURN_TYPE = YES_ERROR;
				GCC_WARN_UNDECLARED_SELECTOR = YES;
				GCC_WARN_UNINITIALIZED_AUTOS = YES_AGGRESSIVE;
				GCC_WARN_UNUSED_FUNCTION = YES;
				GCC_WARN_UNUSED_VARIABLE = YES;
				IPHONEOS_DEPLOYMENT_TARGET = 16.4;
				MTL_ENABLE_DEBUG_INFO = INCLUDE_SOURCE;
				MTL_FAST_MATH = YES;
				ONLY_ACTIVE_ARCH = YES;
				SDKROOT = iphoneos;
				SWIFT_ACTIVE_COMPILATION_CONDITIONS = DEBUG;
				SWIFT_OPTIMIZATION_LEVEL = "-Onone";
			};
			name = Debug;
		};
		4A37404329FBB51E00073494 /* Release */ = {
			isa = XCBuildConfiguration;
			buildSettings = {
				ALWAYS_SEARCH_USER_PATHS = NO;
				CLANG_ANALYZER_NONNULL = YES;
				CLANG_ANALYZER_NUMBER_OBJECT_CONVERSION = YES_AGGRESSIVE;
				CLANG_CXX_LANGUAGE_STANDARD = "gnu++20";
				CLANG_ENABLE_MODULES = YES;
				CLANG_ENABLE_OBJC_ARC = YES;
				CLANG_ENABLE_OBJC_WEAK = YES;
				CLANG_WARN_BLOCK_CAPTURE_AUTORELEASING = YES;
				CLANG_WARN_BOOL_CONVERSION = YES;
				CLANG_WARN_COMMA = YES;
				CLANG_WARN_CONSTANT_CONVERSION = YES;
				CLANG_WARN_DEPRECATED_OBJC_IMPLEMENTATIONS = YES;
				CLANG_WARN_DIRECT_OBJC_ISA_USAGE = YES_ERROR;
				CLANG_WARN_DOCUMENTATION_COMMENTS = YES;
				CLANG_WARN_EMPTY_BODY = YES;
				CLANG_WARN_ENUM_CONVERSION = YES;
				CLANG_WARN_INFINITE_RECURSION = YES;
				CLANG_WARN_INT_CONVERSION = YES;
				CLANG_WARN_NON_LITERAL_NULL_CONVERSION = YES;
				CLANG_WARN_OBJC_IMPLICIT_RETAIN_SELF = YES;
				CLANG_WARN_OBJC_LITERAL_CONVERSION = YES;
				CLANG_WARN_OBJC_ROOT_CLASS = YES_ERROR;
				CLANG_WARN_QUOTED_INCLUDE_IN_FRAMEWORK_HEADER = YES;
				CLANG_WARN_RANGE_LOOP_ANALYSIS = YES;
				CLANG_WARN_STRICT_PROTOTYPES = YES;
				CLANG_WARN_SUSPICIOUS_MOVE = YES;
				CLANG_WARN_UNGUARDED_AVAILABILITY = YES_AGGRESSIVE;
				CLANG_WARN_UNREACHABLE_CODE = YES;
				CLANG_WARN__DUPLICATE_METHOD_MATCH = YES;
				COPY_PHASE_STRIP = NO;
				DEBUG_INFORMATION_FORMAT = "dwarf-with-dsym";
				ENABLE_NS_ASSERTIONS = NO;
				ENABLE_STRICT_OBJC_MSGSEND = YES;
				GCC_C_LANGUAGE_STANDARD = gnu11;
				GCC_NO_COMMON_BLOCKS = YES;
				GCC_WARN_64_TO_32_BIT_CONVERSION = YES;
				GCC_WARN_ABOUT_RETURN_TYPE = YES_ERROR;
				GCC_WARN_UNDECLARED_SELECTOR = YES;
				GCC_WARN_UNINITIALIZED_AUTOS = YES_AGGRESSIVE;
				GCC_WARN_UNUSED_FUNCTION = YES;
				GCC_WARN_UNUSED_VARIABLE = YES;
				IPHONEOS_DEPLOYMENT_TARGET = 16.4;
				MTL_ENABLE_DEBUG_INFO = NO;
				MTL_FAST_MATH = YES;
				SDKROOT = iphoneos;
				SWIFT_COMPILATION_MODE = wholemodule;
				SWIFT_OPTIMIZATION_LEVEL = "-O";
				VALIDATE_PRODUCT = YES;
			};
			name = Release;
		};
		4A37404529FBB51E00073494 /* Debug */ = {
			isa = XCBuildConfiguration;
			buildSettings = {
				ASSETCATALOG_COMPILER_APPICON_NAME = AppIcon;
				ASSETCATALOG_COMPILER_GLOBAL_ACCENT_COLOR_NAME = AccentColor;
				CODE_SIGN_STYLE = Automatic;
				CURRENT_PROJECT_VERSION = 1;
				DEVELOPMENT_ASSET_PATHS = "\"IntroPageAnna/Preview Content\"";
				ENABLE_PREVIEWS = YES;
				GENERATE_INFOPLIST_FILE = YES;
				INFOPLIST_KEY_UIApplicationSceneManifest_Generation = YES;
				INFOPLIST_KEY_UIApplicationSupportsIndirectInputEvents = YES;
				INFOPLIST_KEY_UILaunchScreen_Generation = YES;
				INFOPLIST_KEY_UISupportedInterfaceOrientations_iPad = "UIInterfaceOrientationPortrait UIInterfaceOrientationPortraitUpsideDown UIInterfaceOrientationLandscapeLeft UIInterfaceOrientationLandscapeRight";
				INFOPLIST_KEY_UISupportedInterfaceOrientations_iPhone = "UIInterfaceOrientationPortrait UIInterfaceOrientationLandscapeLeft UIInterfaceOrientationLandscapeRight";
				LD_RUNPATH_SEARCH_PATHS = (
					"$(inherited)",
					"@executable_path/Frameworks",
				);
				MARKETING_VERSION = 1.0;
				PRODUCT_BUNDLE_IDENTIFIER = "com.example.apple-samplecode.IntroPageAnna";
				PRODUCT_NAME = "$(TARGET_NAME)";
				SWIFT_EMIT_LOC_STRINGS = YES;
				SWIFT_VERSION = 5.0;
				TARGETED_DEVICE_FAMILY = "1,2";
			};
			name = Debug;
		};
		4A37404629FBB51E00073494 /* Release */ = {
			isa = XCBuildConfiguration;
			buildSettings = {
				ASSETCATALOG_COMPILER_APPICON_NAME = AppIcon;
				ASSETCATALOG_COMPILER_GLOBAL_ACCENT_COLOR_NAME = AccentColor;
				CODE_SIGN_STYLE = Automatic;
				CURRENT_PROJECT_VERSION = 1;
				DEVELOPMENT_ASSET_PATHS = "\"IntroPageAnna/Preview Content\"";
				ENABLE_PREVIEWS = YES;
				GENERATE_INFOPLIST_FILE = YES;
				INFOPLIST_KEY_UIApplicationSceneManifest_Generation = YES;
				INFOPLIST_KEY_UIApplicationSupportsIndirectInputEvents = YES;
				INFOPLIST_KEY_UILaunchScreen_Generation = YES;
				INFOPLIST_KEY_UISupportedInterfaceOrientations_iPad = "UIInterfaceOrientationPortrait UIInterfaceOrientationPortraitUpsideDown UIInterfaceOrientationLandscapeLeft UIInterfaceOrientationLandscapeRight";
				INFOPLIST_KEY_UISupportedInterfaceOrientations_iPhone = "UIInterfaceOrientationPortrait UIInterfaceOrientationLandscapeLeft UIInterfaceOrientationLandscapeRight";
				LD_RUNPATH_SEARCH_PATHS = (
					"$(inherited)",
					"@executable_path/Frameworks",
				);
				MARKETING_VERSION = 1.0;
				PRODUCT_BUNDLE_IDENTIFIER = "com.example.apple-samplecode.IntroPageAnna";
				PRODUCT_NAME = "$(TARGET_NAME)";
				SWIFT_EMIT_LOC_STRINGS = YES;
				SWIFT_VERSION = 5.0;
				TARGETED_DEVICE_FAMILY = "1,2";
			};
			name = Release;
		};
		4A37404829FBB51E00073494 /* Debug */ = {
			isa = XCBuildConfiguration;
			buildSettings = {
				ALWAYS_EMBED_SWIFT_STANDARD_LIBRARIES = YES;
				BUNDLE_LOADER = "$(TEST_HOST)";
				CODE_SIGN_STYLE = Automatic;
				CURRENT_PROJECT_VERSION = 1;
				GENERATE_INFOPLIST_FILE = YES;
				IPHONEOS_DEPLOYMENT_TARGET = 16.4;
				MARKETING_VERSION = 1.0;
				PRODUCT_BUNDLE_IDENTIFIER = "com.example.apple-samplecode.IntroPageAnnaTests";
				PRODUCT_NAME = "$(TARGET_NAME)";
				SWIFT_EMIT_LOC_STRINGS = NO;
				SWIFT_VERSION = 5.0;
				TARGETED_DEVICE_FAMILY = "1,2";
				TEST_HOST = "$(BUILT_PRODUCTS_DIR)/IntroPageAnna.app/$(BUNDLE_EXECUTABLE_FOLDER_PATH)/IntroPageAnna";
			};
			name = Debug;
		};
		4A37404929FBB51E00073494 /* Release */ = {
			isa = XCBuildConfiguration;
			buildSettings = {
				ALWAYS_EMBED_SWIFT_STANDARD_LIBRARIES = YES;
				BUNDLE_LOADER = "$(TEST_HOST)";
				CODE_SIGN_STYLE = Automatic;
				CURRENT_PROJECT_VERSION = 1;
				GENERATE_INFOPLIST_FILE = YES;
				IPHONEOS_DEPLOYMENT_TARGET = 16.4;
				MARKETING_VERSION = 1.0;
				PRODUCT_BUNDLE_IDENTIFIER = "com.example.apple-samplecode.IntroPageAnnaTests";
				PRODUCT_NAME = "$(TARGET_NAME)";
				SWIFT_EMIT_LOC_STRINGS = NO;
				SWIFT_VERSION = 5.0;
				TARGETED_DEVICE_FAMILY = "1,2";
				TEST_HOST = "$(BUILT_PRODUCTS_DIR)/IntroPageAnna.app/$(BUNDLE_EXECUTABLE_FOLDER_PATH)/IntroPageAnna";
			};
			name = Release;
		};
		4A37404B29FBB51E00073494 /* Debug */ = {
			isa = XCBuildConfiguration;
			buildSettings = {
				ALWAYS_EMBED_SWIFT_STANDARD_LIBRARIES = YES;
				CODE_SIGN_STYLE = Automatic;
				CURRENT_PROJECT_VERSION = 1;
				GENERATE_INFOPLIST_FILE = YES;
				MARKETING_VERSION = 1.0;
				PRODUCT_BUNDLE_IDENTIFIER = "com.example.apple-samplecode.IntroPageAnnaUITests";
				PRODUCT_NAME = "$(TARGET_NAME)";
				SWIFT_EMIT_LOC_STRINGS = NO;
				SWIFT_VERSION = 5.0;
				TARGETED_DEVICE_FAMILY = "1,2";
				TEST_TARGET_NAME = IntroPageAnna;
			};
			name = Debug;
		};
		4A37404C29FBB51E00073494 /* Release */ = {
			isa = XCBuildConfiguration;
			buildSettings = {
				ALWAYS_EMBED_SWIFT_STANDARD_LIBRARIES = YES;
				CODE_SIGN_STYLE = Automatic;
				CURRENT_PROJECT_VERSION = 1;
				GENERATE_INFOPLIST_FILE = YES;
				MARKETING_VERSION = 1.0;
				PRODUCT_BUNDLE_IDENTIFIER = "com.example.apple-samplecode.IntroPageAnnaUITests";
				PRODUCT_NAME = "$(TARGET_NAME)";
				SWIFT_EMIT_LOC_STRINGS = NO;
				SWIFT_VERSION = 5.0;
				TARGETED_DEVICE_FAMILY = "1,2";
				TEST_TARGET_NAME = IntroPageAnna;
			};
			name = Release;
		};
/* End XCBuildConfiguration section */

/* Begin XCConfigurationList section */
		4A37401B29FBB51C00073494 /* Build configuration list for PBXProject "IntroPageAnna" */ = {
			isa = XCConfigurationList;
			buildConfigurations = (
				4A37404229FBB51E00073494 /* Debug */,
				4A37404329FBB51E00073494 /* Release */,
			);
			defaultConfigurationIsVisible = 0;
			defaultConfigurationName = Release;
		};
		4A37404429FBB51E00073494 /* Build configuration list for PBXNativeTarget "IntroPageAnna" */ = {
			isa = XCConfigurationList;
			buildConfigurations = (
				4A37404529FBB51E00073494 /* Debug */,
				4A37404629FBB51E00073494 /* Release */,
			);
			defaultConfigurationIsVisible = 0;
			defaultConfigurationName = Release;
		};
		4A37404729FBB51E00073494 /* Build configuration list for PBXNativeTarget "IntroPageAnnaTests" */ = {
			isa = XCConfigurationList;
			buildConfigurations = (
				4A37404829FBB51E00073494 /* Debug */,
				4A37404929FBB51E00073494 /* Release */,
			);
			defaultConfigurationIsVisible = 0;
			defaultConfigurationName = Release;
		};
		4A37404A29FBB51E00073494 /* Build configuration list for PBXNativeTarget "IntroPageAnnaUITests" */ = {
			isa = XCConfigurationList;
			buildConfigurations = (
				4A37404B29FBB51E00073494 /* Debug */,
				4A37404C29FBB51E00073494 /* Release */,
			);
			defaultConfigurationIsVisible = 0;
			defaultConfigurationName = Release;
		};
/* End XCConfigurationList section */
	};
	rootObject = 4A37401829FBB51C00073494 /* Project object */;
}
